
Microsoft Visual Studio Solution File, Format Version 12.00
# Visual Studio 15
VisualStudioVersion = 15.0.28307.1082
MinimumVisualStudioVersion = 10.0.40219.1
Project("{FAE04EC0-301F-11D3-BF4B-00C04F79EFBC}") = "PushNotification", "PushNotification\PushNotification.csproj", "{0100BEB0-65F8-45A3-B3AB-E826061B7358}"
EndProject
Global
	GlobalSection(SolutionConfigurationPlatforms) = preSolution
		Debug|Any CPU = Debug|Any CPU
		Release|Any CPU = Release|Any CPU
	EndGlobalSection
	GlobalSection(ProjectConfigurationPlatforms) = postSolution
		{0100BEB0-65F8-45A3-B3AB-E826061B7358}.Debug|Any CPU.ActiveCfg = Debug|Any CPU
		{0100BEB0-65F8-45A3-B3AB-E826061B7358}.Debug|Any CPU.Build.0 = Debug|Any CPU
		{0100BEB0-65F8-45A3-B3AB-E826061B7358}.Release|Any CPU.ActiveCfg = Release|Any CPU
		{0100BEB0-65F8-45A3-B3AB-E826061B7358}.Release|Any CPU.Build.0 = Release|Any CPU
	EndGlobalSection
	GlobalSection(SolutionProperties) = preSolution
		HideSolutionNode = FALSE
	EndGlobalSection
	GlobalSection(ExtensibilityGlobals) = postSolution
		SolutionGuid = {C3CA8432-8817-4BD9-B932-585C68AF802B}
	EndGlobalSection
EndGlobal
